
Microsoft Visual Studio Solution File, Format Version 12.00
# Visual Studio Version 17
VisualStudioVersion = 17.0.31903.59
MinimumVisualStudioVersion = 10.0.40219.1
Project("{2150E333-8FDC-42A3-9474-1A3956D46DE8}") = "src", "src", "{4F1DAD73-601E-4339-9402-A38C6D6FEB17}"
EndProject
Project("{2150E333-8FDC-42A3-9474-1A3956D46DE8}") = "Core", "Core", "{63A03E2E-EB0B-44C6-A635-AD5E4E75F104}"
EndProject
Project("{2150E333-8FDC-42A3-9474-1A3956D46DE8}") = "Domain", "Domain", "{74902859-91CE-49CA-BFC9-8B5B122696BC}"
EndProject
Project("{FAE04EC0-301F-11D3-BF4B-00C04F79EFBC}") = "SaaSZero.Domain", "src\Core\Domain\SaaSZero.Domain\SaaSZero.Domain.csproj", "{64286E04-35CF-4D6D-A11A-D76C94AA3553}"
EndProject
Project("{2150E333-8FDC-42A3-9474-1A3956D46DE8}") = "Application", "Application", "{62059AB9-E877-4D0A-A6F8-18A1773CC067}"
EndProject
Project("{FAE04EC0-301F-11D3-BF4B-00C04F79EFBC}") = "SaaSZero.Application", "src\Core\Application\SaaSZero.Application\SaaSZero.Application.csproj", "{CBAA71A7-E0DF-4E05-9FB3-45788DD0CEB7}"
EndProject
Project("{2150E333-8FDC-42A3-9474-1A3956D46DE8}") = "Infrastructure", "Infrastructure", "{169B9B27-F5CB-416E-9187-EF9422BA7BCE}"
EndProject
Project("{FAE04EC0-301F-11D3-BF4B-00C04F79EFBC}") = "SaaSZero.Infrastructure", "src\Infrastructure\SaaSZero.Infrastructure\SaaSZero.Infrastructure.csproj", "{B9431204-E762-4EE5-99C2-1B500A78A3B4}"
EndProject
Project("{2150E333-8FDC-42A3-9474-1A3956D46DE8}") = "API", "API", "{28E31CC9-23C1-4930-BFF2-95A3F7060D9A}"
EndProject
Project("{FAE04EC0-301F-11D3-BF4B-00C04F79EFBC}") = "SaaSZero.API", "src\API\SaaSZero.API\SaaSZero.API.csproj", "{9100FA26-87A5-4D5C-AD4D-D860A1ECAC9A}"
EndProject
Project("{2150E333-8FDC-42A3-9474-1A3956D46DE8}") = "tests", "tests", "{42F8CACA-581A-441B-96EB-2362AFE4F126}"
EndProject
Project("{FAE04EC0-301F-11D3-BF4B-00C04F79EFBC}") = "SaaSZero.UnitTests", "tests\SaaSZero.UnitTests\SaaSZero.UnitTests.csproj", "{C92D9394-8507-4A09-A87F-25035DF6B2AF}"
EndProject
Project("{FAE04EC0-301F-11D3-BF4B-00C04F79EFBC}") = "SaaSZero.IntegrationTests", "tests\SaaSZero.IntegrationTests\SaaSZero.IntegrationTests.csproj", "{15B142C3-D846-44FF-95E3-795DC41532B0}"
EndProject
Global
	GlobalSection(SolutionConfigurationPlatforms) = preSolution
		Debug|Any CPU = Debug|Any CPU
		Release|Any CPU = Release|Any CPU
	EndGlobalSection
	GlobalSection(SolutionProperties) = preSolution
		HideSolutionNode = FALSE
	EndGlobalSection
	GlobalSection(ProjectConfigurationPlatforms) = postSolution
		{64286E04-35CF-4D6D-A11A-D76C94AA3553}.Debug|Any CPU.ActiveCfg = Debug|Any CPU
		{64286E04-35CF-4D6D-A11A-D76C94AA3553}.Debug|Any CPU.Build.0 = Debug|Any CPU
		{64286E04-35CF-4D6D-A11A-D76C94AA3553}.Release|Any CPU.ActiveCfg = Release|Any CPU
		{64286E04-35CF-4D6D-A11A-D76C94AA3553}.Release|Any CPU.Build.0 = Release|Any CPU
		{CBAA71A7-E0DF-4E05-9FB3-45788DD0CEB7}.Debug|Any CPU.ActiveCfg = Debug|Any CPU
		{CBAA71A7-E0DF-4E05-9FB3-45788DD0CEB7}.Debug|Any CPU.Build.0 = Debug|Any CPU
		{CBAA71A7-E0DF-4E05-9FB3-45788DD0CEB7}.Release|Any CPU.ActiveCfg = Release|Any CPU
		{CBAA71A7-E0DF-4E05-9FB3-45788DD0CEB7}.Release|Any CPU.Build.0 = Release|Any CPU
		{B9431204-E762-4EE5-99C2-1B500A78A3B4}.Debug|Any CPU.ActiveCfg = Debug|Any CPU
		{B9431204-E762-4EE5-99C2-1B500A78A3B4}.Debug|Any CPU.Build.0 = Debug|Any CPU
		{B9431204-E762-4EE5-99C2-1B500A78A3B4}.Release|Any CPU.ActiveCfg = Release|Any CPU
		{B9431204-E762-4EE5-99C2-1B500A78A3B4}.Release|Any CPU.Build.0 = Release|Any CPU
		{9100FA26-87A5-4D5C-AD4D-D860A1ECAC9A}.Debug|Any CPU.ActiveCfg = Debug|Any CPU
		{9100FA26-87A5-4D5C-AD4D-D860A1ECAC9A}.Debug|Any CPU.Build.0 = Debug|Any CPU
		{9100FA26-87A5-4D5C-AD4D-D860A1ECAC9A}.Release|Any CPU.ActiveCfg = Release|Any CPU
		{9100FA26-87A5-4D5C-AD4D-D860A1ECAC9A}.Release|Any CPU.Build.0 = Release|Any CPU
		{C92D9394-8507-4A09-A87F-25035DF6B2AF}.Debug|Any CPU.ActiveCfg = Debug|Any CPU
		{C92D9394-8507-4A09-A87F-25035DF6B2AF}.Debug|Any CPU.Build.0 = Debug|Any CPU
		{C92D9394-8507-4A09-A87F-25035DF6B2AF}.Release|Any CPU.ActiveCfg = Release|Any CPU
		{C92D9394-8507-4A09-A87F-25035DF6B2AF}.Release|Any CPU.Build.0 = Release|Any CPU
		{15B142C3-D846-44FF-95E3-795DC41532B0}.Debug|Any CPU.ActiveCfg = Debug|Any CPU
		{15B142C3-D846-44FF-95E3-795DC41532B0}.Debug|Any CPU.Build.0 = Debug|Any CPU
		{15B142C3-D846-44FF-95E3-795DC41532B0}.Release|Any CPU.ActiveCfg = Release|Any CPU
		{15B142C3-D846-44FF-95E3-795DC41532B0}.Release|Any CPU.Build.0 = Release|Any CPU
	EndGlobalSection
	GlobalSection(NestedProjects) = preSolution
		{63A03E2E-EB0B-44C6-A635-AD5E4E75F104} = {4F1DAD73-601E-4339-9402-A38C6D6FEB17}
		{74902859-91CE-49CA-BFC9-8B5B122696BC} = {63A03E2E-EB0B-44C6-A635-AD5E4E75F104}
		{64286E04-35CF-4D6D-A11A-D76C94AA3553} = {74902859-91CE-49CA-BFC9-8B5B122696BC}
		{62059AB9-E877-4D0A-A6F8-18A1773CC067} = {63A03E2E-EB0B-44C6-A635-AD5E4E75F104}
		{CBAA71A7-E0DF-4E05-9FB3-45788DD0CEB7} = {62059AB9-E877-4D0A-A6F8-18A1773CC067}
		{169B9B27-F5CB-416E-9187-EF9422BA7BCE} = {4F1DAD73-601E-4339-9402-A38C6D6FEB17}
		{B9431204-E762-4EE5-99C2-1B500A78A3B4} = {169B9B27-F5CB-416E-9187-EF9422BA7BCE}
		{28E31CC9-23C1-4930-BFF2-95A3F7060D9A} = {4F1DAD73-601E-4339-9402-A38C6D6FEB17}
		{9100FA26-87A5-4D5C-AD4D-D860A1ECAC9A} = {28E31CC9-23C1-4930-BFF2-95A3F7060D9A}
		{C92D9394-8507-4A09-A87F-25035DF6B2AF} = {42F8CACA-581A-441B-96EB-2362AFE4F126}
		{15B142C3-D846-44FF-95E3-795DC41532B0} = {42F8CACA-581A-441B-96EB-2362AFE4F126}
	EndGlobalSection
EndGlobal
